github.com/caffix/queue v0.3.1 h1:eg4V7cGomH76/Xq60MdEhSVZvO6E3iOPlacMwZOjiSA=
github.com/caffix/queue v0.3.1/go.mod h1:AnCrUsy3cwDjLJvNv7FkQx/0Q9Hb7n7agRrUP0OiYl4=
github.com/caffix/queue v0.4.0 h1:bwy0rCyppFk0gS38/pNxW/dk1b9gYVddpa30p6WnOYM=
github.com/caffix/queue v0.4.0/go.mod h1:YUMHaAiT5HiZeJylaaCXCko1FW9LV7WNfw5EjWVWdo0=
github.com/caffix/stringset v0.2.0 h1:kN6xnvL8jzx2YhQNOYr6A6hFzUK+iikt1JtJ2MS2LC8=
github.com/caffix/stringset v0.2.0/go.mod h1:8PZ6GIPpMP5+r5hr790/05w3v9xI+gXRxRzJCZL57lQ=
github.com/caffix/stringset v0.2.1-0.20251119025138-9044e6b53d5b h1:zJbdnhRVCLJrV559afg3YU5rci0vL2i0UoARxf3TzPQ=
github.com/caffix/stringset v0.2.1-0.20251119025138-9044e6b53d5b/go.mod h1:dnXtfiDQ0Q5appncY9XoLiy+jGv+ET+Dv7D40BISIBU=
github.com/google/go-cmp v0.6.0 h1:ofyhxvXcZhMsU5ulbFiLKl/XBFqE1GSq7atu8tAmTRI=
github.com/google/go-cmp v0.6.0/go.mod h1:17dUlkBOakJ0+DkrSSNjCkIjxS6bF9zb3elmeNGIjoY=
github.com/miekg/dns v1.1.64 h1:wuZgD9wwCE6XMT05UU/mlSko71eRSXEAm2EbjQXLKnQ=
github.com/miekg/dns v1.1.64/go.mod h1:Dzw9769uoKVaLuODMDZz9M6ynFU6Em65csPuoi8G0ck=
github.com/miekg/dns v1.1.68 h1:jsSRkNozw7G/mnmXULynzMNIsgY2dHC8LO6U6Ij2JEA=
github.com/miekg/dns v1.1.68/go.mod h1:fujopn7TB3Pu3JM69XaawiU0wqjpL9/8xGop5UrTPps=
golang.org/x/mod v0.24.0 h1:ZfthKaKaT4NrhGVZHO1/WDTwGES4De8KtWO0SIbNJMU=
golang.org/x/mod v0.24.0/go.mod h1:IXM97Txy2VM4PJ3gI61r1YEk/gAj6zAHN3AdZt6S9Ww=
golang.org/x/mod v0.30.0 h1:fDEXFVZ/fmCKProc/yAXXUijritrDzahmwwefnjoPFk=
golang.org/x/mod v0.30.0/go.mod h1:lAsf5O2EvJeSFMiBxXDki7sCgAxEUcZHXoXMKT4GJKc=
golang.org/x/net v0.37.0 h1:1zLorHbz+LYj7MQlSf1+2tPIIgibq2eL5xkrGk6f+2c=
golang.org/x/net v0.37.0/go.mod h1:ivrbrMbzFq5J41QOQh0siUuly180yBYtLp+CKbEaFx8=
golang.org/x/net v0.47.0 h1:Mx+4dIFzqraBXUugkia1OOvlD6LemFo1ALMHjrXDOhY=
golang.org/x/net v0.47.0/go.mod h1:/jNxtkgq5yWUGYkaZGqo27cfGZ1c5Nen03aYrrKpVRU=
golang.org/x/sync v0.12.0 h1:MHc5BpPuC30uJk597Ri8TV3CNZcTLu6B6z4lJy+g6Jw=
golang.org/x/sync v0.12.0/go.mod h1:1dzgHSNfp02xaA81J2MS99Qcpr2w7fw1gpm99rleRqA=
golang.org/x/sync v0.18.0 h1:kr88TuHDroi+UVf+0hZnirlk8o8T+4MrK6mr60WkH/I=
golang.org/x/sync v0.18.0/go.mod h1:9KTHXmSnoGruLpwFjVSX0lNNA75CykiMECbovNTZqGI=
golang.org/x/sys v0.31.0 h1:ioabZlmFYtWhL+TRYpcnNlLwhyxaM9kWTDEmfnprqik=
golang.org/x/sys v0.31.0/go.mod h1:BJP2sWEmIv4KK5OTEluFJCKSidICx8ciO85XgH3Ak8k=
golang.org/x/sys v0.38.0 h1:3yZWxaJjBmCWXqhN1qh02AkOnCQ1poK6oF+a7xWL6Gc=
golang.org/x/sys v0.38.0/go.mod h1:OgkHotnGiDImocRcuBABYBEXf8A9a87e/uXjp9XT3ks=
golang.org/x/time v0.11.0 h1:/bpjEDfN9tkoN/ryeYHnv5hcMlc8ncjMcM4XBk5NWV0=
golang.org/x/time v0.11.0/go.mod h1:CDIdPxbZBQxdj6cxyCIdrNogrJKMJ7pr37NYpMcMDSg=
golang.org/x/time v0.14.0 h1:MRx4UaLrDotUKUdCIqzPC48t1Y9hANFKIRpNx+Te8PI=
golang.org/x/time v0.14.0/go.mod h1:eL/Oa2bBBK0TkX57Fyni+NgnyQQN4LitPmob2Hjnqw4=
golang.org/x/tools v0.31.0 h1:0EedkvKDbh+qistFTd0Bcwe/YLh4vHwWEkiI0toFIBU=
golang.org/x/tools v0.31.0/go.mod h1:naFTU+Cev749tSJRXJlna0T3WxKvb1kWEx15xA4SdmQ=
golang.org/x/tools v0.39.0 h1:ik4ho21kwuQln40uelmciQPp9SipgNDdrafrYA4TmQQ=
golang.org/x/tools v0.39.0/go.mod h1:JnefbkDPyD8UU2kI5fuf8ZX4/yUeh9W877ZeBONxUqQ=
